
Microsoft Visual Studio Solution File, Format Version 12.00
# Visual Studio Version 17
VisualStudioVersion = 17.5.2.0
MinimumVisualStudioVersion = 10.0.40219.1
Project("{FAE04EC0-301F-11D3-BF4B-00C04F79EFBC}") = "APITrelloRestSharp.Tests", "APITrelloRestSharp.Tests.csproj", "{F5AA0B1D-805F-4A90-AD90-D2704ED54196}"
EndProject
Global
	GlobalSection(SolutionConfigurationPlatforms) = preSolution
		Debug|Any CPU = Debug|Any CPU
		Debug|x64 = Debug|x64
		Debug|x86 = Debug|x86
		Release|Any CPU = Release|Any CPU
		Release|x64 = Release|x64
		Release|x86 = Release|x86
	EndGlobalSection
	GlobalSection(ProjectConfigurationPlatforms) = postSolution
		{F5AA0B1D-805F-4A90-AD90-D2704ED54196}.Debug|Any CPU.ActiveCfg = Debug|Any CPU
		{F5AA0B1D-805F-4A90-AD90-D2704ED54196}.Debug|Any CPU.Build.0 = Debug|Any CPU
		{F5AA0B1D-805F-4A90-AD90-D2704ED54196}.Debug|x64.ActiveCfg = Debug|Any CPU
		{F5AA0B1D-805F-4A90-AD90-D2704ED54196}.Debug|x64.Build.0 = Debug|Any CPU
		{F5AA0B1D-805F-4A90-AD90-D2704ED54196}.Debug|x86.ActiveCfg = Debug|Any CPU
		{F5AA0B1D-805F-4A90-AD90-D2704ED54196}.Debug|x86.Build.0 = Debug|Any CPU
		{F5AA0B1D-805F-4A90-AD90-D2704ED54196}.Release|Any CPU.ActiveCfg = Release|Any CPU
		{F5AA0B1D-805F-4A90-AD90-D2704ED54196}.Release|Any CPU.Build.0 = Release|Any CPU
		{F5AA0B1D-805F-4A90-AD90-D2704ED54196}.Release|x64.ActiveCfg = Release|Any CPU
		{F5AA0B1D-805F-4A90-AD90-D2704ED54196}.Release|x64.Build.0 = Release|Any CPU
		{F5AA0B1D-805F-4A90-AD90-D2704ED54196}.Release|x86.ActiveCfg = Release|Any CPU
		{F5AA0B1D-805F-4A90-AD90-D2704ED54196}.Release|x86.Build.0 = Release|Any CPU
	EndGlobalSection
	GlobalSection(SolutionProperties) = preSolution
		HideSolutionNode = FALSE
	EndGlobalSection
	GlobalSection(ExtensibilityGlobals) = postSolution
		SolutionGuid = {DAF69E90-7003-4511-B909-47BEBD2797C4}
	EndGlobalSection
EndGlobal
